
Microsoft Visual Studio Solution File, Format Version 12.00
# Visual Studio Version 17
VisualStudioVersion = 17.2.32526.322
MinimumVisualStudioVersion = 10.0.40219.1
Project("{9A19103F-16F7-4668-BE54-9A1E7A4F7556}") = "Api.FinanSys", "Api.FinanSys\Api.FinanSys.csproj", "{777D1899-6DA1-4F36-A8EB-99B30AB2AA95}"
EndProject
Global
	GlobalSection(SolutionConfigurationPlatforms) = preSolution
		Debug|Any CPU = Debug|Any CPU
		Release|Any CPU = Release|Any CPU
	EndGlobalSection
	GlobalSection(ProjectConfigurationPlatforms) = postSolution
		{777D1899-6DA1-4F36-A8EB-99B30AB2AA95}.Debug|Any CPU.ActiveCfg = Debug|Any CPU
		{777D1899-6DA1-4F36-A8EB-99B30AB2AA95}.Debug|Any CPU.Build.0 = Debug|Any CPU
		{777D1899-6DA1-4F36-A8EB-99B30AB2AA95}.Release|Any CPU.ActiveCfg = Release|Any CPU
		{777D1899-6DA1-4F36-A8EB-99B30AB2AA95}.Release|Any CPU.Build.0 = Release|Any CPU
	EndGlobalSection
	GlobalSection(SolutionProperties) = preSolution
		HideSolutionNode = FALSE
	EndGlobalSection
	GlobalSection(ExtensibilityGlobals) = postSolution
		SolutionGuid = {84454408-4DDC-4E0D-82C0-B0D567ED94D2}
	EndGlobalSection
EndGlobal
